
Microsoft Visual Studio Solution File, Format Version 12.00
# Visual Studio Version 16
VisualStudioVersion = 16.0.29123.88
MinimumVisualStudioVersion = 10.0.40219.1
Project("{FAE04EC0-301F-11D3-BF4B-00C04F79EFBC}") = "WebCoreCrud", "WebCoreCrud\WebCoreCrud.csproj", "{217C1F9C-A306-4404-BE7C-4ECEAA9923B4}"
EndProject
Global
	GlobalSection(SolutionConfigurationPlatforms) = preSolution
		Debug|Any CPU = Debug|Any CPU
		Release|Any CPU = Release|Any CPU
	EndGlobalSection
	GlobalSection(ProjectConfigurationPlatforms) = postSolution
		{217C1F9C-A306-4404-BE7C-4ECEAA9923B4}.Debug|Any CPU.ActiveCfg = Debug|Any CPU
		{217C1F9C-A306-4404-BE7C-4ECEAA9923B4}.Debug|Any CPU.Build.0 = Debug|Any CPU
		{217C1F9C-A306-4404-BE7C-4ECEAA9923B4}.Release|Any CPU.ActiveCfg = Release|Any CPU
		{217C1F9C-A306-4404-BE7C-4ECEAA9923B4}.Release|Any CPU.Build.0 = Release|Any CPU
	EndGlobalSection
	GlobalSection(SolutionProperties) = preSolution
		HideSolutionNode = FALSE
	EndGlobalSection
	GlobalSection(ExtensibilityGlobals) = postSolution
		SolutionGuid = {68E7E536-BB8B-4D18-8A37-4894C1194E29}
	EndGlobalSection
EndGlobal
